
Microsoft Visual Studio Solution File, Format Version 12.00
# Visual Studio Version 17
VisualStudioVersion = 17.7.34018.315
MinimumVisualStudioVersion = 10.0.40219.1
Project("{FAE04EC0-301F-11D3-BF4B-00C04F79EFBC}") = "CSV-Data-Parser", "CSV-Data-Parser\CSV-Data-Parser.csproj", "{368ED72A-901A-48F7-AC8E-2DFDC4E86F7D}"
EndProject
Global
	GlobalSection(SolutionConfigurationPlatforms) = preSolution
		Debug|Any CPU = Debug|Any CPU
		Release|Any CPU = Release|Any CPU
	EndGlobalSection
	GlobalSection(ProjectConfigurationPlatforms) = postSolution
		{368ED72A-901A-48F7-AC8E-2DFDC4E86F7D}.Debug|Any CPU.ActiveCfg = Debug|Any CPU
		{368ED72A-901A-48F7-AC8E-2DFDC4E86F7D}.Debug|Any CPU.Build.0 = Debug|Any CPU
		{368ED72A-901A-48F7-AC8E-2DFDC4E86F7D}.Release|Any CPU.ActiveCfg = Release|Any CPU
		{368ED72A-901A-48F7-AC8E-2DFDC4E86F7D}.Release|Any CPU.Build.0 = Release|Any CPU
	EndGlobalSection
	GlobalSection(SolutionProperties) = preSolution
		HideSolutionNode = FALSE
	EndGlobalSection
	GlobalSection(ExtensibilityGlobals) = postSolution
		SolutionGuid = {556AEA69-0E97-4677-81A3-53C8751D7374}
	EndGlobalSection
EndGlobal
